{
  "object": {
    "pins": [
      {
        "package": "StringMetric",
        "repositoryURL": "https://github.com/autozimu/StringMetric.swift.git",
        "state": {
          "branch": null,
          "revision": "ac08419f609e53636bd2d5d140d95d1d14960d6a",
          "version": "0.3.2"
        }
      }
    ]
  },
  "version": 1
}
